// !$*UTF8*$!
{
	archiveVersion = 1;
	classes = {
	};
	objectVersion = 46;
	objects = {

/* Begin PBXBuildFile section */
		010B7FCA1DD0E6C50097A46F /* CalendarViewController.swift in Sources */ = {isa = PBXBuildFile; fileRef = 010B7FC91DD0E6C50097A46F /* CalendarViewController.swift */; };
		010B7FCC1DD110970097A46F /* NewProjectViewController.swift in Sources */ = {isa = PBXBuildFile; fileRef = 010B7FCB1DD110970097A46F /* NewProjectViewController.swift */; };
		5547B1471DCEE7570010CE9A /* AppDelegate.swift in Sources */ = {isa = PBXBuildFile; fileRef = 5547B1461DCEE7570010CE9A /* AppDelegate.swift */; };
		5547B14C1DCEE7570010CE9A /* Main.storyboard in Resources */ = {isa = PBXBuildFile; fileRef = 5547B14A1DCEE7570010CE9A /* Main.storyboard */; };
		5547B14E1DCEE7570010CE9A /* Assets.xcassets in Resources */ = {isa = PBXBuildFile; fileRef = 5547B14D1DCEE7570010CE9A /* Assets.xcassets */; };
		5547B1511DCEE7570010CE9A /* LaunchScreen.storyboard in Resources */ = {isa = PBXBuildFile; fileRef = 5547B14F1DCEE7570010CE9A /* LaunchScreen.storyboard */; };
		5547B15D1DCEE8A30010CE9A /* HomeViewController.swift in Sources */ = {isa = PBXBuildFile; fileRef = 5547B15C1DCEE8A30010CE9A /* HomeViewController.swift */; };
		5547B15F1DCEE8EE0010CE9A /* Project.swift in Sources */ = {isa = PBXBuildFile; fileRef = 5547B15E1DCEE8EE0010CE9A /* Project.swift */; };
		5547B1611DD0FDF80010CE9A /* Extensions.swift in Sources */ = {isa = PBXBuildFile; fileRef = 5547B1601DD0FDF80010CE9A /* Extensions.swift */; };
		5547B1631DD117A60010CE9A /* User.swift in Sources */ = {isa = PBXBuildFile; fileRef = 5547B1621DD117A60010CE9A /* User.swift */; };
		5547B1671DD11AFB0010CE9A /* projectCell.xib in Resources */ = {isa = PBXBuildFile; fileRef = 5547B1661DD11AFB0010CE9A /* projectCell.xib */; };
		5547B1691DD120730010CE9A /* AlertsViewController.swift in Sources */ = {isa = PBXBuildFile; fileRef = 5547B1681DD120730010CE9A /* AlertsViewController.swift */; };
		5547B16B1DD1208C0010CE9A /* StatsViewController.swift in Sources */ = {isa = PBXBuildFile; fileRef = 5547B16A1DD1208C0010CE9A /* StatsViewController.swift */; };
		5547B16D1DD121600010CE9A /* ProjectCollectionCell.swift in Sources */ = {isa = PBXBuildFile; fileRef = 5547B16C1DD121600010CE9A /* ProjectCollectionCell.swift */; };
		5547B16F1DD125B20010CE9A /* HomeCollectionViewFlowLayout.swift in Sources */ = {isa = PBXBuildFile; fileRef = 5547B16E1DD125B20010CE9A /* HomeCollectionViewFlowLayout.swift */; };
/* End PBXBuildFile section */

/* Begin PBXFileReference section */
		010B7FC91DD0E6C50097A46F /* CalendarViewController.swift */ = {isa = PBXFileReference; fileEncoding = 4; lastKnownFileType = sourcecode.swift; path = CalendarViewController.swift; sourceTree = "<group>"; };
		010B7FCB1DD110970097A46F /* NewProjectViewController.swift */ = {isa = PBXFileReference; fileEncoding = 4; lastKnownFileType = sourcecode.swift; path = NewProjectViewController.swift; sourceTree = "<group>"; };
		5547B1431DCEE7570010CE9A /* MyNoWriNo.app */ = {isa = PBXFileReference; explicitFileType = wrapper.application; includeInIndex = 0; path = MyNoWriNo.app; sourceTree = BUILT_PRODUCTS_DIR; };
		5547B1461DCEE7570010CE9A /* AppDelegate.swift */ = {isa = PBXFileReference; lastKnownFileType = sourcecode.swift; path = AppDelegate.swift; sourceTree = "<group>"; };
		5547B14B1DCEE7570010CE9A /* Base */ = {isa = PBXFileReference; lastKnownFileType = file.storyboard; name = Base; path = Base.lproj/Main.storyboard; sourceTree = "<group>"; };
		5547B14D1DCEE7570010CE9A /* Assets.xcassets */ = {isa = PBXFileReference; lastKnownFileType = folder.assetcatalog; path = Assets.xcassets; sourceTree = "<group>"; };
		5547B1501DCEE7570010CE9A /* Base */ = {isa = PBXFileReference; lastKnownFileType = file.storyboard; name = Base; path = Base.lproj/LaunchScreen.storyboard; sourceTree = "<group>"; };
		5547B1521DCEE7570010CE9A /* Info.plist */ = {isa = PBXFileReference; lastKnownFileType = text.plist.xml; path = Info.plist; sourceTree = "<group>"; };
		5547B15C1DCEE8A30010CE9A /* HomeViewController.swift */ = {isa = PBXFileReference; fileEncoding = 4; lastKnownFileType = sourcecode.swift; path = HomeViewController.swift; sourceTree = "<group>"; };
		5547B15E1DCEE8EE0010CE9A /* Project.swift */ = {isa = PBXFileReference; fileEncoding = 4; lastKnownFileType = sourcecode.swift; path = Project.swift; sourceTree = "<group>"; };
		5547B1601DD0FDF80010CE9A /* Extensions.swift */ = {isa = PBXFileReference; fileEncoding = 4; lastKnownFileType = sourcecode.swift; path = Extensions.swift; sourceTree = "<group>"; };
		5547B1621DD117A60010CE9A /* User.swift */ = {isa = PBXFileReference; fileEncoding = 4; lastKnownFileType = sourcecode.swift; path = User.swift; sourceTree = "<group>"; };
		5547B1661DD11AFB0010CE9A /* projectCell.xib */ = {isa = PBXFileReference; fileEncoding = 4; lastKnownFileType = file.xib; path = projectCell.xib; sourceTree = "<group>"; };
		5547B1681DD120730010CE9A /* AlertsViewController.swift */ = {isa = PBXFileReference; fileEncoding = 4; lastKnownFileType = sourcecode.swift; path = AlertsViewController.swift; sourceTree = "<group>"; };
		5547B16A1DD1208C0010CE9A /* StatsViewController.swift */ = {isa = PBXFileReference; fileEncoding = 4; lastKnownFileType = sourcecode.swift; path = StatsViewController.swift; sourceTree = "<group>"; };
		5547B16C1DD121600010CE9A /* ProjectCollectionCell.swift */ = {isa = PBXFileReference; fileEncoding = 4; lastKnownFileType = sourcecode.swift; path = ProjectCollectionCell.swift; sourceTree = "<group>"; };
		5547B16E1DD125B20010CE9A /* HomeCollectionViewFlowLayout.swift */ = {isa = PBXFileReference; fileEncoding = 4; lastKnownFileType = sourcecode.swift; path = HomeCollectionViewFlowLayout.swift; sourceTree = "<group>"; };
/* End PBXFileReference section */

/* Begin PBXFrameworksBuildPhase section */
		5547B1401DCEE7570010CE9A /* Frameworks */ = {
			isa = PBXFrameworksBuildPhase;
			buildActionMask = 2147483647;
			files = (
			);
			runOnlyForDeploymentPostprocessing = 0;
		};
/* End PBXFrameworksBuildPhase section */

/* Begin PBXGroup section */
		5547B13A1DCEE7560010CE9A = {
			isa = PBXGroup;
			children = (
				5547B1451DCEE7570010CE9A /* MyNoWriNo */,
				5547B1441DCEE7570010CE9A /* Products */,
			);
			sourceTree = "<group>";
		};
		5547B1441DCEE7570010CE9A /* Products */ = {
			isa = PBXGroup;
			children = (
				5547B1431DCEE7570010CE9A /* MyNoWriNo.app */,
			);
			name = Products;
			sourceTree = "<group>";
		};
		5547B1451DCEE7570010CE9A /* MyNoWriNo */ = {
			isa = PBXGroup;
			children = (
				5547B1581DCEE8100010CE9A /* Model */,
				5547B15B1DCEE8430010CE9A /* Controller */,
				5547B1591DCEE81C0010CE9A /* View */,
				5547B15A1DCEE8260010CE9A /* Supporting */,
				5547B14F1DCEE7570010CE9A /* LaunchScreen.storyboard */,
			);
			path = MyNoWriNo;
			sourceTree = "<group>";
		};
		5547B1581DCEE8100010CE9A /* Model */ = {
			isa = PBXGroup;
			children = (
				5547B15E1DCEE8EE0010CE9A /* Project.swift */,
				5547B1621DD117A60010CE9A /* User.swift */,
				5547B14A1DCEE7570010CE9A /* Main.storyboard */,
				5547B1661DD11AFB0010CE9A /* projectCell.xib */,
			);
			name = Model;
			sourceTree = "<group>";
		};
		5547B1591DCEE81C0010CE9A /* View */ = {
			isa = PBXGroup;
			children = (
				5547B16E1DD125B20010CE9A /* HomeCollectionViewFlowLayout.swift */,
				5547B16C1DD121600010CE9A /* ProjectCollectionCell.swift */,
			);
			name = View;
			sourceTree = "<group>";
		};
		5547B15A1DCEE8260010CE9A /* Supporting */ = {
			isa = PBXGroup;
			children = (
				5547B1601DD0FDF80010CE9A /* Extensions.swift */,
				5547B1461DCEE7570010CE9A /* AppDelegate.swift */,
				5547B14D1DCEE7570010CE9A /* Assets.xcassets */,
				5547B1521DCEE7570010CE9A /* Info.plist */,
			);
			name = Supporting;
			sourceTree = "<group>";
		};
		5547B15B1DCEE8430010CE9A /* Controller */ = {
			isa = PBXGroup;
			children = (
				010B7FCB1DD110970097A46F /* NewProjectViewController.swift */,
				5547B1681DD120730010CE9A /* AlertsViewController.swift */,
				5547B16A1DD1208C0010CE9A /* StatsViewController.swift */,
				5547B15C1DCEE8A30010CE9A /* HomeViewController.swift */,
				010B7FC91DD0E6C50097A46F /* CalendarViewController.swift */,
			);
			name = Controller;
			sourceTree = "<group>";
		};
/* End PBXGroup section */

/* Begin PBXNativeTarget section */
		5547B1421DCEE7570010CE9A /* MyNoWriNo */ = {
			isa = PBXNativeTarget;
			buildConfigurationList = 5547B1551DCEE7570010CE9A /* Build configuration list for PBXNativeTarget "MyNoWriNo" */;
			buildPhases = (
				5547B13F1DCEE7570010CE9A /* Sources */,
				5547B1401DCEE7570010CE9A /* Frameworks */,
				5547B1411DCEE7570010CE9A /* Resources */,
			);
			buildRules = (
			);
			dependencies = (
			);
			name = MyNoWriNo;
			productName = MyNoWriNo;
			productReference = 5547B1431DCEE7570010CE9A /* MyNoWriNo.app */;
			productType = "com.apple.product-type.application";
		};
/* End PBXNativeTarget section */

/* Begin PBXProject section */
		5547B13B1DCEE7560010CE9A /* Project object */ = {
			isa = PBXProject;
			attributes = {
				LastSwiftUpdateCheck = 0810;
				LastUpgradeCheck = 0810;
				ORGANIZATIONNAME = "Erica Winberry";
				TargetAttributes = {
					5547B1421DCEE7570010CE9A = {
						CreatedOnToolsVersion = 8.1;
						DevelopmentTeam = 4YFWUVNT8L;
						ProvisioningStyle = Automatic;
					};
				};
			};
			buildConfigurationList = 5547B13E1DCEE7560010CE9A /* Build configuration list for PBXProject "MyNoWriNo" */;
			compatibilityVersion = "Xcode 3.2";
			developmentRegion = English;
			hasScannedForEncodings = 0;
			knownRegions = (
				en,
				Base,
			);
			mainGroup = 5547B13A1DCEE7560010CE9A;
			productRefGroup = 5547B1441DCEE7570010CE9A /* Products */;
			projectDirPath = "";
			projectRoot = "";
			targets = (
				5547B1421DCEE7570010CE9A /* MyNoWriNo */,
			);
		};
/* End PBXProject section */

/* Begin PBXResourcesBuildPhase section */
		5547B1411DCEE7570010CE9A /* Resources */ = {
			isa = PBXResourcesBuildPhase;
			buildActionMask = 2147483647;
			files = (
				5547B1511DCEE7570010CE9A /* LaunchScreen.storyboard in Resources */,
				5547B14E1DCEE7570010CE9A /* Assets.xcassets in Resources */,
				5547B14C1DCEE7570010CE9A /* Main.storyboard in Resources */,
				5547B1671DD11AFB0010CE9A /* projectCell.xib in Resources */,
			);
			runOnlyForDeploymentPostprocessing = 0;
		};
/* End PBXResourcesBuildPhase section */

/* Begin PBXSourcesBuildPhase section */
		5547B13F1DCEE7570010CE9A /* Sources */ = {
			isa = PBXSourcesBuildPhase;
			buildActionMask = 2147483647;
			files = (
				5547B1611DD0FDF80010CE9A /* Extensions.swift in Sources */,
				010B7FCA1DD0E6C50097A46F /* CalendarViewController.swift in Sources */,
				5547B1631DD117A60010CE9A /* User.swift in Sources */,
				5547B1471DCEE7570010CE9A /* AppDelegate.swift in Sources */,
				5547B16F1DD125B20010CE9A /* HomeCollectionViewFlowLayout.swift in Sources */,
				5547B15D1DCEE8A30010CE9A /* HomeViewController.swift in Sources */,
				5547B15F1DCEE8EE0010CE9A /* Project.swift in Sources */,
				010B7FCC1DD110970097A46F /* NewProjectViewController.swift in Sources */,
				5547B16B1DD1208C0010CE9A /* StatsViewController.swift in Sources */,
				5547B1691DD120730010CE9A /* AlertsViewController.swift in Sources */,
				5547B16D1DD121600010CE9A /* ProjectCollectionCell.swift in Sources */,
			);
			runOnlyForDeploymentPostprocessing = 0;
		};
/* End PBXSourcesBuildPhase section */

/* Begin PBXVariantGroup section */
		5547B14A1DCEE7570010CE9A /* Main.storyboard */ = {
			isa = PBXVariantGroup;
			children = (
				5547B14B1DCEE7570010CE9A /* Base */,
			);
			name = Main.storyboard;
			sourceTree = "<group>";
		};
		5547B14F1DCEE7570010CE9A /* LaunchScreen.storyboard */ = {
			isa = PBXVariantGroup;
			children = (
				5547B1501DCEE7570010CE9A /* Base */,
			);
			name = LaunchScreen.storyboard;
			sourceTree = "<group>";
		};
/* End PBXVariantGroup section */

/* Begin XCBuildConfiguration section */
		5547B1531DCEE7570010CE9A /* Debug */ = {
			isa = XCBuildConfiguration;
			buildSettings = {
				ALWAYS_SEARCH_USER_PATHS = NO;
				CLANG_ANALYZER_NONNULL = YES;
				CLANG_CXX_LANGUAGE_STANDARD = "gnu++0x";
				CLANG_CXX_LIBRARY = "libc++";
				CLANG_ENABLE_MODULES = YES;
				CLANG_ENABLE_OBJC_ARC = YES;
				CLANG_WARN_BOOL_CONVERSION = YES;
				CLANG_WARN_CONSTANT_CONVERSION = YES;
				CLANG_WARN_DIRECT_OBJC_ISA_USAGE = YES_ERROR;
				CLANG_WARN_DOCUMENTATION_COMMENTS = YES;
				CLANG_WARN_EMPTY_BODY = YES;
				CLANG_WARN_ENUM_CONVERSION = YES;
				CLANG_WARN_INFINITE_RECURSION = YES;
				CLANG_WARN_INT_CONVERSION = YES;
				CLANG_WARN_OBJC_ROOT_CLASS = YES_ERROR;
				CLANG_WARN_SUSPICIOUS_MOVES = YES;
				CLANG_WARN_UNREACHABLE_CODE = YES;
				CLANG_WARN__DUPLICATE_METHOD_MATCH = YES;
				"CODE_SIGN_IDENTITY[sdk=iphoneos*]" = "iPhone Developer";
				COPY_PHASE_STRIP = NO;
				DEBUG_INFORMATION_FORMAT = dwarf;
				ENABLE_STRICT_OBJC_MSGSEND = YES;
				ENABLE_TESTABILITY = YES;
				GCC_C_LANGUAGE_STANDARD = gnu99;
				GCC_DYNAMIC_NO_PIC = NO;
				GCC_NO_COMMON_BLOCKS = YES;
				GCC_OPTIMIZATION_LEVEL = 0;
				GCC_PREPROCESSOR_DEFINITIONS = (
					"DEBUG=1",
					"$(inherited)",
				);
				GCC_WARN_64_TO_32_BIT_CONVERSION = YES;
				GCC_WARN_ABOUT_RETURN_TYPE = YES_ERROR;
				GCC_WARN_UNDECLARED_SELECTOR = YES;
				GCC_WARN_UNINITIALIZED_AUTOS = YES_AGGRESSIVE;
				GCC_WARN_UNUSED_FUNCTION = YES;
				GCC_WARN_UNUSED_VARIABLE = YES;
				IPHONEOS_DEPLOYMENT_TARGET = 10.1;
				MTL_ENABLE_DEBUG_INFO = YES;
				ONLY_ACTIVE_ARCH = YES;
				SDKROOT = iphoneos;
				SWIFT_ACTIVE_COMPILATION_CONDITIONS = DEBUG;
				SWIFT_OPTIMIZATION_LEVEL = "-Onone";
				TARGETED_DEVICE_FAMILY = "1,2";
			};
			name = Debug;
		};
		5547B1541DCEE7570010CE9A /* Release */ = {
			isa = XCBuildConfiguration;
			buildSettings = {
				ALWAYS_SEARCH_USER_PATHS = NO;
				CLANG_ANALYZER_NONNULL = YES;
				CLANG_CXX_LANGUAGE_STANDARD = "gnu++0x";
				CLANG_CXX_LIBRARY = "libc++";
				CLANG_ENABLE_MODULES = YES;
				CLANG_ENABLE_OBJC_ARC = YES;
				CLANG_WARN_BOOL_CONVERSION = YES;
				CLANG_WARN_CONSTANT_CONVERSION = YES;
				CLANG_WARN_DIRECT_OBJC_ISA_USAGE = YES_ERROR;
				CLANG_WARN_DOCUMENTATION_COMMENTS = YES;
				CLANG_WARN_EMPTY_BODY = YES;
				CLANG_WARN_ENUM_CONVERSION = YES;
				CLANG_WARN_INFINITE_RECURSION = YES;
				CLANG_WARN_INT_CONVERSION = YES;
				CLANG_WARN_OBJC_ROOT_CLASS = YES_ERROR;
				CLANG_WARN_SUSPICIOUS_MOVES = YES;
				CLANG_WARN_UNREACHABLE_CODE = YES;
				CLANG_WARN__DUPLICATE_METHOD_MATCH = YES;
				"CODE_SIGN_IDENTITY[sdk=iphoneos*]" = "iPhone Developer";
				COPY_PHASE_STRIP = NO;
				DEBUG_INFORMATION_FORMAT = "dwarf-with-dsym";
				ENABLE_NS_ASSERTIONS = NO;
				ENABLE_STRICT_OBJC_MSGSEND = YES;
				GCC_C_LANGUAGE_STANDARD = gnu99;
				GCC_NO_COMMON_BLOCKS = YES;
				GCC_WARN_64_TO_32_BIT_CONVERSION = YES;
				GCC_WARN_ABOUT_RETURN_TYPE = YES_ERROR;
				GCC_WARN_UNDECLARED_SELECTOR = YES;
				GCC_WARN_UNINITIALIZED_AUTOS = YES_AGGRESSIVE;
				GCC_WARN_UNUSED_FUNCTION = YES;
				GCC_WARN_UNUSED_VARIABLE = YES;
				IPHONEOS_DEPLOYMENT_TARGET = 10.1;
				MTL_ENABLE_DEBUG_INFO = NO;
				SDKROOT = iphoneos;
				SWIFT_OPTIMIZATION_LEVEL = "-Owholemodule";
				TARGETED_DEVICE_FAMILY = "1,2";
				VALIDATE_PRODUCT = YES;
			};
			name = Release;
		};
		5547B1561DCEE7570010CE9A /* Debug */ = {
			isa = XCBuildConfiguration;
			buildSettings = {
				ASSETCATALOG_COMPILER_APPICON_NAME = AppIcon;
				DEVELOPMENT_TEAM = 4YFWUVNT8L;
				INFOPLIST_FILE = MyNoWriNo/Info.plist;
				LD_RUNPATH_SEARCH_PATHS = "$(inherited) @executable_path/Frameworks";
				PRODUCT_BUNDLE_IDENTIFIER = "com-elaewin.github.MyNoWriNo";
				PRODUCT_NAME = "$(TARGET_NAME)";
				SWIFT_VERSION = 3.0;
			};
			name = Debug;
		};
		5547B1571DCEE7570010CE9A /* Release */ = {
			isa = XCBuildConfiguration;
			buildSettings = {
				ASSETCATALOG_COMPILER_APPICON_NAME = AppIcon;
				DEVELOPMENT_TEAM = 4YFWUVNT8L;
				INFOPLIST_FILE = MyNoWriNo/Info.plist;
				LD_RUNPATH_SEARCH_PATHS = "$(inherited) @executable_path/Frameworks";
				PRODUCT_BUNDLE_IDENTIFIER = "com-elaewin.github.MyNoWriNo";
				PRODUCT_NAME = "$(TARGET_NAME)";
				SWIFT_VERSION = 3.0;
			};
			name = Release;
		};
/* End XCBuildConfiguration section */

/* Begin XCConfigurationList section */
		5547B13E1DCEE7560010CE9A /* Build configuration list for PBXProject "MyNoWriNo" */ = {
			isa = XCConfigurationList;
			buildConfigurations = (
				5547B1531DCEE7570010CE9A /* Debug */,
				5547B1541DCEE7570010CE9A /* Release */,
			);
			defaultConfigurationIsVisible = 0;
			defaultConfigurationName = Release;
		};
		5547B1551DCEE7570010CE9A /* Build configuration list for PBXNativeTarget "MyNoWriNo" */ = {
			isa = XCConfigurationList;
			buildConfigurations = (
				5547B1561DCEE7570010CE9A /* Debug */,
				5547B1571DCEE7570010CE9A /* Release */,
			);
			defaultConfigurationIsVisible = 0;
			defaultConfigurationName = Release;
		};
/* End XCConfigurationList section */
	};
	rootObject = 5547B13B1DCEE7560010CE9A /* Project object */;
}
